
Microsoft Visual Studio Solution File, Format Version 12.00
# Visual Studio Version 16
VisualStudioVersion = 16.0.31019.35
MinimumVisualStudioVersion = 10.0.40219.1
Project("{9A19103F-16F7-4668-BE54-9A1E7A4F7556}") = "Business", "Business\Business.csproj", "{81A14A66-4215-4E43-B12C-255D5D437E59}"
EndProject
Project("{9A19103F-16F7-4668-BE54-9A1E7A4F7556}") = "DataAccess", "DataAccess\DataAccess.csproj", "{9C5ED8FA-124C-444B-B8ED-CC9F6B4C2E5B}"
EndProject
Project("{9A19103F-16F7-4668-BE54-9A1E7A4F7556}") = "Entities", "Entities\Entities.csproj", "{35CF6A8C-B5F6-4D30-A0D5-B4ADD1C143C9}"
EndProject
Project("{9A19103F-16F7-4668-BE54-9A1E7A4F7556}") = "ConsoleUI", "Console\ConsoleUI.csproj", "{A0A8F283-8B71-40E7-959C-880C31AB536F}"
EndProject
Project("{9A19103F-16F7-4668-BE54-9A1E7A4F7556}") = "Core", "Core\Core.csproj", "{95160E98-6778-49B9-AFC9-767643B0E717}"
EndProject
Project("{FAE04EC0-301F-11D3-BF4B-00C04F79EFBC}") = "WebAPI", "WebAPI\WebAPI.csproj", "{FBA8073B-1E3F-45AC-ABEC-9B66EACC6284}"
EndProject
Global
	GlobalSection(SolutionConfigurationPlatforms) = preSolution
		Debug|Any CPU = Debug|Any CPU
		Release|Any CPU = Release|Any CPU
	EndGlobalSection
	GlobalSection(ProjectConfigurationPlatforms) = postSolution
		{81A14A66-4215-4E43-B12C-255D5D437E59}.Debug|Any CPU.ActiveCfg = Debug|Any CPU
		{81A14A66-4215-4E43-B12C-255D5D437E59}.Debug|Any CPU.Build.0 = Debug|Any CPU
		{81A14A66-4215-4E43-B12C-255D5D437E59}.Release|Any CPU.ActiveCfg = Release|Any CPU
		{81A14A66-4215-4E43-B12C-255D5D437E59}.Release|Any CPU.Build.0 = Release|Any CPU
		{9C5ED8FA-124C-444B-B8ED-CC9F6B4C2E5B}.Debug|Any CPU.ActiveCfg = Debug|Any CPU
		{9C5ED8FA-124C-444B-B8ED-CC9F6B4C2E5B}.Debug|Any CPU.Build.0 = Debug|Any CPU
		{9C5ED8FA-124C-444B-B8ED-CC9F6B4C2E5B}.Release|Any CPU.ActiveCfg = Release|Any CPU
		{9C5ED8FA-124C-444B-B8ED-CC9F6B4C2E5B}.Release|Any CPU.Build.0 = Release|Any CPU
		{35CF6A8C-B5F6-4D30-A0D5-B4ADD1C143C9}.Debug|Any CPU.ActiveCfg = Debug|Any CPU
		{35CF6A8C-B5F6-4D30-A0D5-B4ADD1C143C9}.Debug|Any CPU.Build.0 = Debug|Any CPU
		{35CF6A8C-B5F6-4D30-A0D5-B4ADD1C143C9}.Release|Any CPU.ActiveCfg = Release|Any CPU
		{35CF6A8C-B5F6-4D30-A0D5-B4ADD1C143C9}.Release|Any CPU.Build.0 = Release|Any CPU
		{A0A8F283-8B71-40E7-959C-880C31AB536F}.Debug|Any CPU.ActiveCfg = Debug|Any CPU
		{A0A8F283-8B71-40E7-959C-880C31AB536F}.Debug|Any CPU.Build.0 = Debug|Any CPU
		{A0A8F283-8B71-40E7-959C-880C31AB536F}.Release|Any CPU.ActiveCfg = Release|Any CPU
		{A0A8F283-8B71-40E7-959C-880C31AB536F}.Release|Any CPU.Build.0 = Release|Any CPU
		{95160E98-6778-49B9-AFC9-767643B0E717}.Debug|Any CPU.ActiveCfg = Debug|Any CPU
		{95160E98-6778-49B9-AFC9-767643B0E717}.Debug|Any CPU.Build.0 = Debug|Any CPU
		{95160E98-6778-49B9-AFC9-767643B0E717}.Release|Any CPU.ActiveCfg = Release|Any CPU
		{95160E98-6778-49B9-AFC9-767643B0E717}.Release|Any CPU.Build.0 = Release|Any CPU
		{FBA8073B-1E3F-45AC-ABEC-9B66EACC6284}.Debug|Any CPU.ActiveCfg = Debug|Any CPU
		{FBA8073B-1E3F-45AC-ABEC-9B66EACC6284}.Debug|Any CPU.Build.0 = Debug|Any CPU
		{FBA8073B-1E3F-45AC-ABEC-9B66EACC6284}.Release|Any CPU.ActiveCfg = Release|Any CPU
		{FBA8073B-1E3F-45AC-ABEC-9B66EACC6284}.Release|Any CPU.Build.0 = Release|Any CPU
	EndGlobalSection
	GlobalSection(SolutionProperties) = preSolution
		HideSolutionNode = FALSE
	EndGlobalSection
	GlobalSection(ExtensibilityGlobals) = postSolution
		SolutionGuid = {C9ADC80C-23CE-4809-8A77-573374C1EE41}
	EndGlobalSection
EndGlobal
